
Microsoft Visual Studio Solution File, Format Version 12.00
# Visual Studio 15
VisualStudioVersion = 15.0.28307.1209
MinimumVisualStudioVersion = 10.0.40219.1
Project("{FAE04EC0-301F-11D3-BF4B-00C04F79EFBC}") = "TextEditor", "TextEditor\TextEditor.csproj", "{CA1EE87E-72E2-4DE4-8ACD-FF289A57F97B}"
EndProject
Global
	GlobalSection(SolutionConfigurationPlatforms) = preSolution
		Debug|Any CPU = Debug|Any CPU
		Release|Any CPU = Release|Any CPU
	EndGlobalSection
	GlobalSection(ProjectConfigurationPlatforms) = postSolution
		{CA1EE87E-72E2-4DE4-8ACD-FF289A57F97B}.Debug|Any CPU.ActiveCfg = Debug|Any CPU
		{CA1EE87E-72E2-4DE4-8ACD-FF289A57F97B}.Debug|Any CPU.Build.0 = Debug|Any CPU
		{CA1EE87E-72E2-4DE4-8ACD-FF289A57F97B}.Release|Any CPU.ActiveCfg = Release|Any CPU
		{CA1EE87E-72E2-4DE4-8ACD-FF289A57F97B}.Release|Any CPU.Build.0 = Release|Any CPU
	EndGlobalSection
	GlobalSection(SolutionProperties) = preSolution
		HideSolutionNode = FALSE
	EndGlobalSection
	GlobalSection(ExtensibilityGlobals) = postSolution
		SolutionGuid = {FD9E6441-2863-4E59-ABFF-C94B69665164}
	EndGlobalSection
EndGlobal
